// !$*UTF8*$!
{
	archiveVersion = 1;
	classes = {
	};
	objectVersion = 46;
	objects = {

/* Begin PBXBuildFile section */
		21C242C01F48B15100C9E8D0 /* main.cpp in Sources */ = {isa = PBXBuildFile; fileRef = 21C242BF1F48B15100C9E8D0 /* main.cpp */; };
/* End PBXBuildFile section */

/* Begin PBXCopyFilesBuildPhase section */
		21C242BA1F48B15000C9E8D0 /* CopyFiles */ = {
			isa = PBXCopyFilesBuildPhase;
			buildActionMask = 2147483647;
			dstPath = /usr/share/man/man1/;
			dstSubfolderSpec = 0;
			files = (
			);
			runOnlyForDeploymentPostprocessing = 1;
		};
/* End PBXCopyFilesBuildPhase section */

/* Begin PBXFileReference section */
		21C242BC1F48B15000C9E8D0 /* webservertest */ = {isa = PBXFileReference; explicitFileType = "compiled.mach-o.executable"; includeInIndex = 0; path = webservertest; sourceTree = BUILT_PRODUCTS_DIR; };
		21C242BF1F48B15100C9E8D0 /* main.cpp */ = {isa = PBXFileReference; lastKnownFileType = sourcecode.cpp.cpp; path = main.cpp; sourceTree = "<group>"; };
		21EE09C81F48EBC8000CE2A3 /* 400.html */ = {isa = PBXFileReference; lastKnownFileType = text.html; path = 400.html; sourceTree = "<group>"; };
		21EE09C91F48EBC8000CE2A3 /* 404.html */ = {isa = PBXFileReference; lastKnownFileType = text.html; path = 404.html; sourceTree = "<group>"; };
		21EE09CA1F48EBC8000CE2A3 /* index.html */ = {isa = PBXFileReference; lastKnownFileType = text.html; path = index.html; sourceTree = "<group>"; };
		21EE09CB1F48EBC8000CE2A3 /* josef.html */ = {isa = PBXFileReference; lastKnownFileType = text.html; path = josef.html; sourceTree = "<group>"; };
/* End PBXFileReference section */

/* Begin PBXFrameworksBuildPhase section */
		21C242B91F48B15000C9E8D0 /* Frameworks */ = {
			isa = PBXFrameworksBuildPhase;
			buildActionMask = 2147483647;
			files = (
			);
			runOnlyForDeploymentPostprocessing = 0;
		};
/* End PBXFrameworksBuildPhase section */

/* Begin PBXGroup section */
		21C242B31F48B15000C9E8D0 = {
			isa = PBXGroup;
			children = (
				21C242BE1F48B15000C9E8D0 /* webservertest */,
				21C242BD1F48B15000C9E8D0 /* Products */,
			);
			sourceTree = "<group>";
		};
		21C242BD1F48B15000C9E8D0 /* Products */ = {
			isa = PBXGroup;
			children = (
				21C242BC1F48B15000C9E8D0 /* webservertest */,
			);
			name = Products;
			sourceTree = "<group>";
		};
		21C242BE1F48B15000C9E8D0 /* webservertest */ = {
			isa = PBXGroup;
			children = (
				21EE09C81F48EBC8000CE2A3 /* 400.html */,
				21EE09C91F48EBC8000CE2A3 /* 404.html */,
				21EE09CA1F48EBC8000CE2A3 /* index.html */,
				21EE09CB1F48EBC8000CE2A3 /* josef.html */,
				21C242BF1F48B15100C9E8D0 /* main.cpp */,
			);
			path = webservertest;
			sourceTree = "<group>";
		};
/* End PBXGroup section */

/* Begin PBXNativeTarget section */
		21C242BB1F48B15000C9E8D0 /* webservertest */ = {
			isa = PBXNativeTarget;
			buildConfigurationList = 21C242C31F48B15100C9E8D0 /* Build configuration list for PBXNativeTarget "webservertest" */;
			buildPhases = (
				21C242B81F48B15000C9E8D0 /* Sources */,
				21C242B91F48B15000C9E8D0 /* Frameworks */,
				21C242BA1F48B15000C9E8D0 /* CopyFiles */,
			);
			buildRules = (
			);
			dependencies = (
			);
			name = webservertest;
			productName = webservertest;
			productReference = 21C242BC1F48B15000C9E8D0 /* webservertest */;
			productType = "com.apple.product-type.tool";
		};
/* End PBXNativeTarget section */

/* Begin PBXProject section */
		21C242B41F48B15000C9E8D0 /* Project object */ = {
			isa = PBXProject;
			attributes = {
				LastUpgradeCheck = 0730;
				ORGANIZATIONNAME = "Hevselavier Lines Ver";
				TargetAttributes = {
					21C242BB1F48B15000C9E8D0 = {
						CreatedOnToolsVersion = 7.3;
					};
				};
			};
			buildConfigurationList = 21C242B71F48B15000C9E8D0 /* Build configuration list for PBXProject "webservertest" */;
			compatibilityVersion = "Xcode 3.2";
			developmentRegion = English;
			hasScannedForEncodings = 0;
			knownRegions = (
				en,
			);
			mainGroup = 21C242B31F48B15000C9E8D0;
			productRefGroup = 21C242BD1F48B15000C9E8D0 /* Products */;
			projectDirPath = "";
			projectRoot = "";
			targets = (
				21C242BB1F48B15000C9E8D0 /* webservertest */,
			);
		};
/* End PBXProject section */

/* Begin PBXSourcesBuildPhase section */
		21C242B81F48B15000C9E8D0 /* Sources */ = {
			isa = PBXSourcesBuildPhase;
			buildActionMask = 2147483647;
			files = (
				21C242C01F48B15100C9E8D0 /* main.cpp in Sources */,
			);
			runOnlyForDeploymentPostprocessing = 0;
		};
/* End PBXSourcesBuildPhase section */

/* Begin XCBuildConfiguration section */
		21C242C11F48B15100C9E8D0 /* Debug */ = {
			isa = XCBuildConfiguration;
			buildSettings = {
				ALWAYS_SEARCH_USER_PATHS = NO;
				CLANG_ANALYZER_NONNULL = YES;
				CLANG_CXX_LANGUAGE_STANDARD = "gnu++0x";
				CLANG_CXX_LIBRARY = "libc++";
				CLANG_ENABLE_MODULES = YES;
				CLANG_ENABLE_OBJC_ARC = YES;
				CLANG_WARN_BOOL_CONVERSION = YES;
				CLANG_WARN_CONSTANT_CONVERSION = YES;
				CLANG_WARN_DIRECT_OBJC_ISA_USAGE = YES_ERROR;
				CLANG_WARN_EMPTY_BODY = YES;
				CLANG_WARN_ENUM_CONVERSION = YES;
				CLANG_WARN_INT_CONVERSION = YES;
				CLANG_WARN_OBJC_ROOT_CLASS = YES_ERROR;
				CLANG_WARN_UNREACHABLE_CODE = YES;
				CLANG_WARN__DUPLICATE_METHOD_MATCH = YES;
				CODE_SIGN_IDENTITY = "-";
				COPY_PHASE_STRIP = NO;
				DEBUG_INFORMATION_FORMAT = dwarf;
				ENABLE_STRICT_OBJC_MSGSEND = YES;
				ENABLE_TESTABILITY = YES;
				GCC_C_LANGUAGE_STANDARD = gnu99;
				GCC_DYNAMIC_NO_PIC = NO;
				GCC_NO_COMMON_BLOCKS = YES;
				GCC_OPTIMIZATION_LEVEL = 0;
				GCC_PREPROCESSOR_DEFINITIONS = (
					"DEBUG=1",
					"$(inherited)",
				);
				GCC_WARN_64_TO_32_BIT_CONVERSION = YES;
				GCC_WARN_ABOUT_RETURN_TYPE = YES_ERROR;
				GCC_WARN_UNDECLARED_SELECTOR = YES;
				GCC_WARN_UNINITIALIZED_AUTOS = YES_AGGRESSIVE;
				GCC_WARN_UNUSED_FUNCTION = YES;
				GCC_WARN_UNUSED_VARIABLE = YES;
				MACOSX_DEPLOYMENT_TARGET = 10.12;
				MTL_ENABLE_DEBUG_INFO = YES;
				ONLY_ACTIVE_ARCH = YES;
				SDKROOT = macosx;
			};
			name = Debug;
		};
		21C242C21F48B15100C9E8D0 /* Release */ = {
			isa = XCBuildConfiguration;
			buildSettings = {
				ALWAYS_SEARCH_USER_PATHS = NO;
				CLANG_ANALYZER_NONNULL = YES;
				CLANG_CXX_LANGUAGE_STANDARD = "gnu++0x";
				CLANG_CXX_LIBRARY = "libc++";
				CLANG_ENABLE_MODULES = YES;
				CLANG_ENABLE_OBJC_ARC = YES;
				CLANG_WARN_BOOL_CONVERSION = YES;
				CLANG_WARN_CONSTANT_CONVERSION = YES;
				CLANG_WARN_DIRECT_OBJC_ISA_USAGE = YES_ERROR;
				CLANG_WARN_EMPTY_BODY = YES;
				CLANG_WARN_ENUM_CONVERSION = YES;
				CLANG_WARN_INT_CONVERSION = YES;
				CLANG_WARN_OBJC_ROOT_CLASS = YES_ERROR;
				CLANG_WARN_UNREACHABLE_CODE = YES;
				CLANG_WARN__DUPLICATE_METHOD_MATCH = YES;
				CODE_SIGN_IDENTITY = "-";
				COPY_PHASE_STRIP = NO;
				DEBUG_INFORMATION_FORMAT = "dwarf-with-dsym";
				ENABLE_NS_ASSERTIONS = NO;
				ENABLE_STRICT_OBJC_MSGSEND = YES;
				GCC_C_LANGUAGE_STANDARD = gnu99;
				GCC_NO_COMMON_BLOCKS = YES;
				GCC_WARN_64_TO_32_BIT_CONVERSION = YES;
				GCC_WARN_ABOUT_RETURN_TYPE = YES_ERROR;
				GCC_WARN_UNDECLARED_SELECTOR = YES;
				GCC_WARN_UNINITIALIZED_AUTOS = YES_AGGRESSIVE;
				GCC_WARN_UNUSED_FUNCTION = YES;
				GCC_WARN_UNUSED_VARIABLE = YES;
				MACOSX_DEPLOYMENT_TARGET = 10.12;
				MTL_ENABLE_DEBUG_INFO = NO;
				SDKROOT = macosx;
			};
			name = Release;
		};
		21C242C41F48B15100C9E8D0 /* Debug */ = {
			isa = XCBuildConfiguration;
			buildSettings = {
				PRODUCT_NAME = "$(TARGET_NAME)";
			};
			name = Debug;
		};
		21C242C51F48B15100C9E8D0 /* Release */ = {
			isa = XCBuildConfiguration;
			buildSettings = {
				PRODUCT_NAME = "$(TARGET_NAME)";
			};
			name = Release;
		};
/* End XCBuildConfiguration section */

/* Begin XCConfigurationList section */
		21C242B71F48B15000C9E8D0 /* Build configuration list for PBXProject "webservertest" */ = {
			isa = XCConfigurationList;
			buildConfigurations = (
				21C242C11F48B15100C9E8D0 /* Debug */,
				21C242C21F48B15100C9E8D0 /* Release */,
			);
			defaultConfigurationIsVisible = 0;
			defaultConfigurationName = Release;
		};
		21C242C31F48B15100C9E8D0 /* Build configuration list for PBXNativeTarget "webservertest" */ = {
			isa = XCConfigurationList;
			buildConfigurations = (
				21C242C41F48B15100C9E8D0 /* Debug */,
				21C242C51F48B15100C9E8D0 /* Release */,
			);
			defaultConfigurationIsVisible = 0;
			defaultConfigurationName = Release;
		};
/* End XCConfigurationList section */
	};
	rootObject = 21C242B41F48B15000C9E8D0 /* Project object */;
}
